{
  "nodes": {
    "catppuccin": {
      "inputs": {
        "nixpkgs": "nixpkgs"
      },
      "locked": {
        "lastModified": 1767967164,
        "narHash": "sha256-Cx4VETh9dGoQYDtWhre7g66d7SAr+h1h6f+SSHxVrck=",
        "owner": "catppuccin",
        "repo": "nix",
        "rev": "e973584280e3b0e1d5b5a1a5e9948dc222c54af7",
        "type": "github"
      },
      "original": {
        "owner": "catppuccin",
        "repo": "nix",
        "type": "github"
      }
    },
    "flake-parts": {
      "inputs": {
        "nixpkgs-lib": "nixpkgs-lib"
      },
      "locked": {
        "lastModified": 1749398372,
        "narHash": "sha256-tYBdgS56eXYaWVW3fsnPQ/nFlgWi/Z2Ymhyu21zVM98=",
        "owner": "hercules-ci",
        "repo": "flake-parts",
        "rev": "9305fe4e5c2a6fcf5ba6a3ff155720fbe4076569",
        "type": "github"
      },
      "original": {
        "owner": "hercules-ci",
        "repo": "flake-parts",
        "type": "github"
      }
    },
    "flake-parts_2": {
      "inputs": {
        "nixpkgs-lib": [
          "nixvim",
          "nixpkgs"
        ]
      },
      "locked": {
        "lastModified": 1765835352,
        "narHash": "sha256-XswHlK/Qtjasvhd1nOa1e8MgZ8GS//jBoTqWtrS1Giw=",
        "owner": "hercules-ci",
        "repo": "flake-parts",
        "rev": "a34fae9c08a15ad73f295041fec82323541400a9",
        "type": "github"
      },
      "original": {
        "owner": "hercules-ci",
        "repo": "flake-parts",
        "type": "github"
      }
    },
    "hardware": {
      "locked": {
        "lastModified": 1767185284,
        "narHash": "sha256-ljDBUDpD1Cg5n3mJI81Hz5qeZAwCGxon4kQW3Ho3+6Q=",
        "owner": "nixos",
        "repo": "nixos-hardware",
        "rev": "40b1a28dce561bea34858287fbb23052c3ee63fe",
        "type": "github"
      },
      "original": {
        "owner": "nixos",
        "repo": "nixos-hardware",
        "type": "github"
      }
    },
    "home-manager": {
      "inputs": {
        "nixpkgs": [
          "nixpkgs"
        ]
      },
      "locked": {
        "lastModified": 1768366276,
        "narHash": "sha256-NUdsaB6H1wvbOC7oh1UZ7Ojg1I+mYBQv8ovlMB6FbHk=",
        "owner": "nix-community",
        "repo": "home-manager",
        "rev": "4e235a8746b195e335306d898f0cc93ad6c4564c",
        "type": "github"
      },
      "original": {
        "owner": "nix-community",
        "repo": "home-manager",
        "type": "github"
      }
    },
    "home-manager_2": {
      "inputs": {
        "nixpkgs": [
          "zen-browser",
          "nixpkgs"
        ]
      },
      "locked": {
        "lastModified": 1767104570,
        "narHash": "sha256-GKgwu5//R+cLdKysZjGqvUEEOGXXLdt93sNXeb2M/Lk=",
        "owner": "nix-community",
        "repo": "home-manager",
        "rev": "e4e78a2cbeaddd07ab7238971b16468cc1d14daf",
        "type": "github"
      },
      "original": {
        "owner": "nix-community",
        "repo": "home-manager",
        "type": "github"
      }
    },
    "mango": {
      "inputs": {
        "flake-parts": "flake-parts",
        "nixpkgs": [
          "nixpkgs"
        ],
        "scenefx": "scenefx"
      },
      "locked": {
        "lastModified": 1768307119,
        "narHash": "sha256-u3T+FP/HBp13zTP0ybiHTIlMTvJS7gbqWNrEHYEa06M=",
        "owner": "DreamMaoMao",
        "repo": "mango",
        "rev": "764eb44b9b7231842aaed18773ad2499e215a3bd",
        "type": "github"
      },
      "original": {
        "owner": "DreamMaoMao",
        "repo": "mango",
        "type": "github"
      }
    },
    "nixpkgs": {
      "locked": {
        "lastModified": 1767116409,
        "narHash": "sha256-5vKw92l1GyTnjoLzEagJy5V5mDFck72LiQWZSOnSicw=",
        "owner": "NixOS",
        "repo": "nixpkgs",
        "rev": "cad22e7d996aea55ecab064e84834289143e44a0",
        "type": "github"
      },
      "original": {
        "owner": "NixOS",
        "ref": "nixos-unstable",
        "repo": "nixpkgs",
        "type": "github"
      }
    },
    "nixpkgs-lib": {
      "locked": {
        "lastModified": 1748740939,
        "narHash": "sha256-rQaysilft1aVMwF14xIdGS3sj1yHlI6oKQNBRTF40cc=",
        "owner": "nix-community",
        "repo": "nixpkgs.lib",
        "rev": "656a64127e9d791a334452c6b6606d17539476e2",
        "type": "github"
      },
      "original": {
        "owner": "nix-community",
        "repo": "nixpkgs.lib",
        "type": "github"
      }
    },
    "nixpkgs_2": {
      "locked": {
        "lastModified": 1768127708,
        "narHash": "sha256-1Sm77VfZh3mU0F5OqKABNLWxOuDeHIlcFjsXeeiPazs=",
        "owner": "NixOS",
        "repo": "nixpkgs",
        "rev": "ffbc9f8cbaacfb331b6017d5a5abb21a492c9a38",
        "type": "github"
      },
      "original": {
        "id": "nixpkgs",
        "ref": "nixos-unstable",
        "type": "indirect"
      }
    },
    "nixvim": {
      "inputs": {
        "flake-parts": "flake-parts_2",
        "nixpkgs": [
          "nixpkgs"
        ],
        "systems": "systems"
      },
      "locked": {
        "lastModified": 1767906546,
        "narHash": "sha256-AoSWS8+P+7hQ/jIdv0wBjgH1MvnerdWBFXO4GV3JoQs=",
        "owner": "nix-community",
        "repo": "nixvim",
        "rev": "7eb8f36f085b85a2aeff929aff52d0f6aa14e000",
        "type": "github"
      },
      "original": {
        "owner": "nix-community",
        "repo": "nixvim",
        "type": "github"
      }
    },
    "noctalia": {
      "inputs": {
        "nixpkgs": [
          "nixpkgs"
        ]
      },
      "locked": {
        "lastModified": 1768361753,
        "narHash": "sha256-1KzsroD05FL8aQw9jTsRC5iU3bkFgOCIi3YI0/KDjVg=",
        "owner": "noctalia-dev",
        "repo": "noctalia-shell",
        "rev": "c0d4852c75228080853c8ceef34ae2f6b388a0ad",
        "type": "github"
      },
      "original": {
        "owner": "noctalia-dev",
        "repo": "noctalia-shell",
        "type": "github"
      }
    },
    "root": {
      "inputs": {
        "catppuccin": "catppuccin",
        "hardware": "hardware",
        "home-manager": "home-manager",
        "mango": "mango",
        "nixpkgs": "nixpkgs_2",
        "nixvim": "nixvim",
        "noctalia": "noctalia",
        "zen-browser": "zen-browser"
      }
    },
    "scenefx": {
      "inputs": {
        "nixpkgs": [
          "mango",
          "nixpkgs"
        ]
      },
      "locked": {
        "lastModified": 1750785057,
        "narHash": "sha256-tGX6j4W91rcb+glXJo43sjPI9zQvPotonknG1BdihR4=",
        "owner": "wlrfx",
        "repo": "scenefx",
        "rev": "3a6cfb12e4ba97b43326357d14f7b3e40897adfc",
        "type": "github"
      },
      "original": {
        "owner": "wlrfx",
        "repo": "scenefx",
        "type": "github"
      }
    },
    "systems": {
      "locked": {
        "lastModified": 1681028828,
        "narHash": "sha256-Vy1rq5AaRuLzOxct8nz4T6wlgyUR7zLU309k9mBC768=",
        "owner": "nix-systems",
        "repo": "default",
        "rev": "da67096a3b9bf56a91d16901293e51ba5b49a27e",
        "type": "github"
      },
      "original": {
        "owner": "nix-systems",
        "repo": "default",
        "type": "github"
      }
    },
    "zen-browser": {
      "inputs": {
        "home-manager": "home-manager_2",
        "nixpkgs": [
          "nixpkgs"
        ]
      },
      "locked": {
        "lastModified": 1768379550,
        "narHash": "sha256-z94S29l5V86h11LZbPIMbHTJyksDG63aqISsZkTTuJY=",
        "owner": "0xc000022070",
        "repo": "zen-browser-flake",
        "rev": "06f61b4e4f4f6ba8027c96a5611c63dc0db12b90",
        "type": "github"
      },
      "original": {
        "owner": "0xc000022070",
        "repo": "zen-browser-flake",
        "type": "github"
      }
    }
  },
  "root": "root",
  "version": 7
}
