{
  "nodes": {
    "bizhawk": {
      "flake": false,
      "locked": {
        "lastModified": 1768882543,
        "narHash": "sha256-0moOLfAx6Ywf3mgwcap1Eqv/9s9FW3XpnXyarARLODk=",
        "owner": "TASEmulators",
        "repo": "BizHawk",
        "rev": "3e6951dbf890bf25b869647a4719197af14595db",
        "type": "github"
      },
      "original": {
        "owner": "TASEmulators",
        "repo": "BizHawk",
        "type": "github"
      }
    },
    "catppuccin": {
      "inputs": {
        "nixpkgs": "nixpkgs"
      },
      "locked": {
        "lastModified": 1768575137,
        "narHash": "sha256-e0SsKnkSnq+UwZNS9ZyPJjTjabzq9TRc1hqeDnvOF1Q=",
        "owner": "catppuccin",
        "repo": "nix",
        "rev": "48e67b4ad22072f1ae30b0ed8e1cb020cf06c611",
        "type": "github"
      },
      "original": {
        "owner": "catppuccin",
        "repo": "nix",
        "type": "github"
      }
    },
    "flake-parts": {
      "inputs": {
        "nixpkgs-lib": "nixpkgs-lib"
      },
      "locked": {
        "lastModified": 1749398372,
        "narHash": "sha256-tYBdgS56eXYaWVW3fsnPQ/nFlgWi/Z2Ymhyu21zVM98=",
        "owner": "hercules-ci",
        "repo": "flake-parts",
        "rev": "9305fe4e5c2a6fcf5ba6a3ff155720fbe4076569",
        "type": "github"
      },
      "original": {
        "owner": "hercules-ci",
        "repo": "flake-parts",
        "type": "github"
      }
    },
    "flake-parts_2": {
      "inputs": {
        "nixpkgs-lib": [
          "nixvim",
          "nixpkgs"
        ]
      },
      "locked": {
        "lastModified": 1765835352,
        "narHash": "sha256-XswHlK/Qtjasvhd1nOa1e8MgZ8GS//jBoTqWtrS1Giw=",
        "owner": "hercules-ci",
        "repo": "flake-parts",
        "rev": "a34fae9c08a15ad73f295041fec82323541400a9",
        "type": "github"
      },
      "original": {
        "owner": "hercules-ci",
        "repo": "flake-parts",
        "type": "github"
      }
    },
    "hardware": {
      "locked": {
        "lastModified": 1768736227,
        "narHash": "sha256-qgGq7CfrYKc3IBYQ7qp0Z/ZXndQVC5Bj0N8HW9mS2rM=",
        "owner": "nixos",
        "repo": "nixos-hardware",
        "rev": "d447553bcbc6a178618d37e61648b19e744370df",
        "type": "github"
      },
      "original": {
        "owner": "nixos",
        "repo": "nixos-hardware",
        "type": "github"
      }
    },
    "home-manager": {
      "inputs": {
        "nixpkgs": [
          "nixpkgs"
        ]
      },
      "locked": {
        "lastModified": 1768984719,
        "narHash": "sha256-O6nXCW9FN39qw204e5Nl3qgaxKFcSvdpx0bULqfwyTA=",
        "owner": "nix-community",
        "repo": "home-manager",
        "rev": "d6e3935ec6e43c8f54cd0132276c82d951e1453e",
        "type": "github"
      },
      "original": {
        "owner": "nix-community",
        "repo": "home-manager",
        "type": "github"
      }
    },
    "home-manager_2": {
      "inputs": {
        "nixpkgs": [
          "zen-browser",
          "nixpkgs"
        ]
      },
      "locked": {
        "lastModified": 1768434960,
        "narHash": "sha256-cJbFn17oyg6qAraLr+NVeNJrXsrzJdrudkzI4H2iTcg=",
        "owner": "nix-community",
        "repo": "home-manager",
        "rev": "b4d88c9ac42ae1a745283f6547701da43b6e9f9b",
        "type": "github"
      },
      "original": {
        "owner": "nix-community",
        "repo": "home-manager",
        "type": "github"
      }
    },
    "mango": {
      "inputs": {
        "flake-parts": "flake-parts",
        "nixpkgs": [
          "nixpkgs"
        ],
        "scenefx": "scenefx"
      },
      "locked": {
        "lastModified": 1768974895,
        "narHash": "sha256-f0rp6+NPF+OlEYE2MQPFYgmPndJstKnJZSoZQLUMTWk=",
        "owner": "DreamMaoMao",
        "repo": "mango",
        "rev": "49921eadfa251641379c2f2cd824034eb7075e2f",
        "type": "github"
      },
      "original": {
        "owner": "DreamMaoMao",
        "repo": "mango",
        "type": "github"
      }
    },
    "nixpkgs": {
      "locked": {
        "lastModified": 1768305791,
        "narHash": "sha256-AIdl6WAn9aymeaH/NvBj0H9qM+XuAuYbGMZaP0zcXAQ=",
        "owner": "NixOS",
        "repo": "nixpkgs",
        "rev": "1412caf7bf9e660f2f962917c14b1ea1c3bc695e",
        "type": "github"
      },
      "original": {
        "owner": "NixOS",
        "ref": "nixos-unstable",
        "repo": "nixpkgs",
        "type": "github"
      }
    },
    "nixpkgs-lib": {
      "locked": {
        "lastModified": 1748740939,
        "narHash": "sha256-rQaysilft1aVMwF14xIdGS3sj1yHlI6oKQNBRTF40cc=",
        "owner": "nix-community",
        "repo": "nixpkgs.lib",
        "rev": "656a64127e9d791a334452c6b6606d17539476e2",
        "type": "github"
      },
      "original": {
        "owner": "nix-community",
        "repo": "nixpkgs.lib",
        "type": "github"
      }
    },
    "nixpkgs_2": {
      "locked": {
        "lastModified": 1768886240,
        "narHash": "sha256-C2TjvwYZ2VDxYWeqvvJ5XPPp6U7H66zeJlRaErJKoEM=",
        "owner": "NixOS",
        "repo": "nixpkgs",
        "rev": "80e4adbcf8992d3fd27ad4964fbb84907f9478b0",
        "type": "github"
      },
      "original": {
        "id": "nixpkgs",
        "ref": "nixos-unstable",
        "type": "indirect"
      }
    },
    "nixvim": {
      "inputs": {
        "flake-parts": "flake-parts_2",
        "nixpkgs": [
          "nixpkgs"
        ],
        "systems": "systems"
      },
      "locked": {
        "lastModified": 1768910181,
        "narHash": "sha256-YRU0IHMzXluZxr0JDfq9jtblb4DV7MIB5wj2jYMFKQc=",
        "owner": "nix-community",
        "repo": "nixvim",
        "rev": "5b138edcb2f1c3ed4b29eca3658f04f0639b98b3",
        "type": "github"
      },
      "original": {
        "owner": "nix-community",
        "repo": "nixvim",
        "type": "github"
      }
    },
    "noctalia": {
      "inputs": {
        "nixpkgs": [
          "nixpkgs"
        ]
      },
      "locked": {
        "lastModified": 1768971481,
        "narHash": "sha256-w7mMbLOC664dDGn/j1AbtU2auWGMAYvh99tt5WNMX+U=",
        "owner": "noctalia-dev",
        "repo": "noctalia-shell",
        "rev": "1a9aa31017bd34f7f5969f050264d7f9b5c6798e",
        "type": "github"
      },
      "original": {
        "owner": "noctalia-dev",
        "repo": "noctalia-shell",
        "type": "github"
      }
    },
    "root": {
      "inputs": {
        "bizhawk": "bizhawk",
        "catppuccin": "catppuccin",
        "hardware": "hardware",
        "home-manager": "home-manager",
        "mango": "mango",
        "nixpkgs": "nixpkgs_2",
        "nixvim": "nixvim",
        "noctalia": "noctalia",
        "zen-browser": "zen-browser"
      }
    },
    "scenefx": {
      "inputs": {
        "nixpkgs": [
          "mango",
          "nixpkgs"
        ]
      },
      "locked": {
        "lastModified": 1750785057,
        "narHash": "sha256-tGX6j4W91rcb+glXJo43sjPI9zQvPotonknG1BdihR4=",
        "owner": "wlrfx",
        "repo": "scenefx",
        "rev": "3a6cfb12e4ba97b43326357d14f7b3e40897adfc",
        "type": "github"
      },
      "original": {
        "owner": "wlrfx",
        "repo": "scenefx",
        "type": "github"
      }
    },
    "systems": {
      "locked": {
        "lastModified": 1681028828,
        "narHash": "sha256-Vy1rq5AaRuLzOxct8nz4T6wlgyUR7zLU309k9mBC768=",
        "owner": "nix-systems",
        "repo": "default",
        "rev": "da67096a3b9bf56a91d16901293e51ba5b49a27e",
        "type": "github"
      },
      "original": {
        "owner": "nix-systems",
        "repo": "default",
        "type": "github"
      }
    },
    "zen-browser": {
      "inputs": {
        "home-manager": "home-manager_2",
        "nixpkgs": [
          "nixpkgs"
        ]
      },
      "locked": {
        "lastModified": 1768919538,
        "narHash": "sha256-w10iy/aqd5LtD78NDWWG+eKGzkb+cGhAAo7PVciLbWE=",
        "owner": "0xc000022070",
        "repo": "zen-browser-flake",
        "rev": "37149a5b77e8fd2b5332e8cec9edf39ca5b8e8bc",
        "type": "github"
      },
      "original": {
        "owner": "0xc000022070",
        "repo": "zen-browser-flake",
        "type": "github"
      }
    }
  },
  "root": "root",
  "version": 7
}
